<?xml version="1.0" encoding="utf-8"?>
<Project ToolsVersion="4.0" xmlns="http://schemas.microsoft.com/developer/msbuild/2003">
  <ItemGroup>
    <Filter Include="Source Files">
      <UniqueIdentifier>{4FC737F1-C7A5-4376-A066-2A32D752A2FF}</UniqueIdentifier>
      <Extensions>cpp;c;cc;cxx;c++;cppm;ixx;def;odl;idl;hpj;bat;asm;asmx</Extensions>
    </Filter>
    <Filter Include="Header Files">
      <UniqueIdentifier>{93995380-89BD-4b04-88EB-625FBE52EBFB}</UniqueIdentifier>
      <Extensions>h;hh;hpp;hxx;h++;hm;inl;inc;ipp;xsd</Extensions>
    </Filter>
    <Filter Include="Assets">
      <UniqueIdentifier>{48a646b3-78ef-4b27-8b63-821bea15455c}</UniqueIdentifier>
    </Filter>
    <Filter Include="Header Files\GameObjets">
      <UniqueIdentifier>{c28144fd-0c9d-42d8-86df-2819483b1d1e}</UniqueIdentifier>
    </Filter>
    <Filter Include="Source Files\GameObjects">
      <UniqueIdentifier>{d4845108-19b6-416c-9c75-2777b1486ae8}</UniqueIdentifier>
    </Filter>
    <Filter Include="Header Files\Data">
      <UniqueIdentifier>{5b4ea662-5f35-4ae2-b0cd-bc61bc52908f}</UniqueIdentifier>
    </Filter>
    <Filter Include="Header Files\Helper">
      <UniqueIdentifier>{c042d260-9bcf-403d-affe-71361f1861e9}</UniqueIdentifier>
    </Filter>
  </ItemGroup>
  <ItemGroup>
    <Image Include="confusedman.png">
      <Filter>Assets</Filter>
    </Image>
    <Image Include="disgustedoldman.png">
      <Filter>Assets</Filter>
    </Image>
    <Image Include="background.png">
      <Filter>Assets</Filter>
    </Image>
  </ItemGroup>
  <ItemGroup>
    <ClInclude Include="HeaderFiles\Game.h">
      <Filter>Header Files</Filter>
    </ClInclude>
    <ClInclude Include="HeaderFiles\Camera.h">
      <Filter>Header Files</Filter>
    </ClInclude>
    <ClInclude Include="HeaderFiles\GameObject.h">
      <Filter>Header Files\GameObjets</Filter>
    </ClInclude>
    <ClInclude Include="HeaderFiles\player.h">
      <Filter>Header Files\GameObjets</Filter>
    </ClInclude>
    <ClInclude Include="HeaderFiles\Enemy.h">
      <Filter>Header Files\GameObjets</Filter>
    </ClInclude>
    <ClInclude Include="HeaderFiles\WorldData.h">
      <Filter>Header Files\Data</Filter>
    </ClInclude>
    <ClInclude Include="HeaderFiles\FrameData.h">
      <Filter>Header Files\Data</Filter>
    </ClInclude>
    <ClInclude Include="HeaderFiles\Random.h">
      <Filter>Header Files\Helper</Filter>
    </ClInclude>
    <ClInclude Include="HeaderFiles\AudioPlayer.h">
      <Filter>Header Files</Filter>
    </ClInclude>
  </ItemGroup>
  <ItemGroup>
    <ClCompile Include="SourceFiles\Game.cpp">
      <Filter>Source Files</Filter>
    </ClCompile>
    <ClCompile Include="SourceFiles\Main.cpp">
      <Filter>Source Files</Filter>
    </ClCompile>
    <ClCompile Include="SourceFiles\player.cpp">
      <Filter>Source Files\GameObjects</Filter>
    </ClCompile>
    <ClCompile Include="SourceFiles\GameObject.cpp">
      <Filter>Source Files\GameObjects</Filter>
    </ClCompile>
    <ClCompile Include="SourceFiles\Enemy.cpp">
      <Filter>Source Files\GameObjects</Filter>
    </ClCompile>
    <ClCompile Include="HeaderFiles\AudioPlayer.cpp">
      <Filter>Source Files</Filter>
    </ClCompile>
  </ItemGroup>
  <ItemGroup>
    <Media Include="hit_plank2.wav">
      <Filter>Assets</Filter>
    </Media>
  </ItemGroup>
</Project>